// !$*UTF8*$!
{
	archiveVersion = 1;
	classes = {
	};
	objectVersion = 46;
	objects = {

/* Begin PBXBuildFile section */
		2EA06DC81D17490600483639 /* AppDelegate.swift in Sources */ = {isa = PBXBuildFile; fileRef = 2EA06DC71D17490600483639 /* AppDelegate.swift */; };
		2EA06DCD1D17490600483639 /* Main.storyboard in Resources */ = {isa = PBXBuildFile; fileRef = 2EA06DCB1D17490600483639 /* Main.storyboard */; };
		2EA06DCF1D17490600483639 /* Assets.xcassets in Resources */ = {isa = PBXBuildFile; fileRef = 2EA06DCE1D17490600483639 /* Assets.xcassets */; };
		2EA06DD21D17490600483639 /* LaunchScreen.storyboard in Resources */ = {isa = PBXBuildFile; fileRef = 2EA06DD01D17490600483639 /* LaunchScreen.storyboard */; };
		2EA06DDA1D174A1900483639 /* CollectionViewController.swift in Sources */ = {isa = PBXBuildFile; fileRef = 2EA06DD91D174A1900483639 /* CollectionViewController.swift */; };
		2EA06DDC1D174A6200483639 /* images in Resources */ = {isa = PBXBuildFile; fileRef = 2EA06DDB1D174A6200483639 /* images */; };
		2EA06DDE1D174A9C00483639 /* DataItem.swift in Sources */ = {isa = PBXBuildFile; fileRef = 2EA06DDD1D174A9C00483639 /* DataItem.swift */; };
		2EA06DE01D174C8700483639 /* DataItemCell.swift in Sources */ = {isa = PBXBuildFile; fileRef = 2EA06DDF1D174C8700483639 /* DataItemCell.swift */; };
		2EA06DE21D17514300483639 /* DataItemHeader.swift in Sources */ = {isa = PBXBuildFile; fileRef = 2EA06DE11D17514300483639 /* DataItemHeader.swift */; };
/* End PBXBuildFile section */

/* Begin PBXFileReference section */
		2EA06DC41D17490600483639 /* CollectionViewDemo.app */ = {isa = PBXFileReference; explicitFileType = wrapper.application; includeInIndex = 0; path = CollectionViewDemo.app; sourceTree = BUILT_PRODUCTS_DIR; };
		2EA06DC71D17490600483639 /* AppDelegate.swift */ = {isa = PBXFileReference; lastKnownFileType = sourcecode.swift; path = AppDelegate.swift; sourceTree = "<group>"; };
		2EA06DCC1D17490600483639 /* Base */ = {isa = PBXFileReference; lastKnownFileType = file.storyboard; name = Base; path = Base.lproj/Main.storyboard; sourceTree = "<group>"; };
		2EA06DCE1D17490600483639 /* Assets.xcassets */ = {isa = PBXFileReference; lastKnownFileType = folder.assetcatalog; path = Assets.xcassets; sourceTree = "<group>"; };
		2EA06DD11D17490600483639 /* Base */ = {isa = PBXFileReference; lastKnownFileType = file.storyboard; name = Base; path = Base.lproj/LaunchScreen.storyboard; sourceTree = "<group>"; };
		2EA06DD31D17490600483639 /* Info.plist */ = {isa = PBXFileReference; lastKnownFileType = text.plist.xml; path = Info.plist; sourceTree = "<group>"; };
		2EA06DD91D174A1900483639 /* CollectionViewController.swift */ = {isa = PBXFileReference; fileEncoding = 4; lastKnownFileType = sourcecode.swift; path = CollectionViewController.swift; sourceTree = "<group>"; };
		2EA06DDB1D174A6200483639 /* images */ = {isa = PBXFileReference; lastKnownFileType = folder; path = images; sourceTree = "<group>"; };
		2EA06DDD1D174A9C00483639 /* DataItem.swift */ = {isa = PBXFileReference; fileEncoding = 4; lastKnownFileType = sourcecode.swift; path = DataItem.swift; sourceTree = "<group>"; };
		2EA06DDF1D174C8700483639 /* DataItemCell.swift */ = {isa = PBXFileReference; fileEncoding = 4; lastKnownFileType = sourcecode.swift; path = DataItemCell.swift; sourceTree = "<group>"; };
		2EA06DE11D17514300483639 /* DataItemHeader.swift */ = {isa = PBXFileReference; fileEncoding = 4; lastKnownFileType = sourcecode.swift; path = DataItemHeader.swift; sourceTree = "<group>"; };
/* End PBXFileReference section */

/* Begin PBXFrameworksBuildPhase section */
		2EA06DC11D17490600483639 /* Frameworks */ = {
			isa = PBXFrameworksBuildPhase;
			buildActionMask = 2147483647;
			files = (
			);
			runOnlyForDeploymentPostprocessing = 0;
		};
/* End PBXFrameworksBuildPhase section */

/* Begin PBXGroup section */
		2EA06DBB1D17490600483639 = {
			isa = PBXGroup;
			children = (
				2EA06DC61D17490600483639 /* CollectionViewDemo */,
				2EA06DC51D17490600483639 /* Products */,
			);
			sourceTree = "<group>";
		};
		2EA06DC51D17490600483639 /* Products */ = {
			isa = PBXGroup;
			children = (
				2EA06DC41D17490600483639 /* CollectionViewDemo.app */,
			);
			name = Products;
			sourceTree = "<group>";
		};
		2EA06DC61D17490600483639 /* CollectionViewDemo */ = {
			isa = PBXGroup;
			children = (
				2EA06DC71D17490600483639 /* AppDelegate.swift */,
				2EA06DCB1D17490600483639 /* Main.storyboard */,
				2EA06DE11D17514300483639 /* DataItemHeader.swift */,
				2EA06DDF1D174C8700483639 /* DataItemCell.swift */,
				2EA06DD91D174A1900483639 /* CollectionViewController.swift */,
				2EA06DDD1D174A9C00483639 /* DataItem.swift */,
				2EA06DCE1D17490600483639 /* Assets.xcassets */,
				2EA06DD01D17490600483639 /* LaunchScreen.storyboard */,
				2EA06DDB1D174A6200483639 /* images */,
				2EA06DD31D17490600483639 /* Info.plist */,
			);
			path = CollectionViewDemo;
			sourceTree = "<group>";
		};
/* End PBXGroup section */

/* Begin PBXNativeTarget section */
		2EA06DC31D17490600483639 /* CollectionViewDemo */ = {
			isa = PBXNativeTarget;
			buildConfigurationList = 2EA06DD61D17490600483639 /* Build configuration list for PBXNativeTarget "CollectionViewDemo" */;
			buildPhases = (
				2EA06DC01D17490600483639 /* Sources */,
				2EA06DC11D17490600483639 /* Frameworks */,
				2EA06DC21D17490600483639 /* Resources */,
			);
			buildRules = (
			);
			dependencies = (
			);
			name = CollectionViewDemo;
			productName = CollectionViewDemo;
			productReference = 2EA06DC41D17490600483639 /* CollectionViewDemo.app */;
			productType = "com.apple.product-type.application";
		};
/* End PBXNativeTarget section */

/* Begin PBXProject section */
		2EA06DBC1D17490600483639 /* Project object */ = {
			isa = PBXProject;
			attributes = {
				LastSwiftUpdateCheck = 0730;
				LastUpgradeCheck = 0730;
				ORGANIZATIONNAME = "PJ Basa";
				TargetAttributes = {
					2EA06DC31D17490600483639 = {
						CreatedOnToolsVersion = 7.3.1;
					};
				};
			};
			buildConfigurationList = 2EA06DBF1D17490600483639 /* Build configuration list for PBXProject "CollectionViewDemo" */;
			compatibilityVersion = "Xcode 3.2";
			developmentRegion = English;
			hasScannedForEncodings = 0;
			knownRegions = (
				en,
				Base,
			);
			mainGroup = 2EA06DBB1D17490600483639;
			productRefGroup = 2EA06DC51D17490600483639 /* Products */;
			projectDirPath = "";
			projectRoot = "";
			targets = (
				2EA06DC31D17490600483639 /* CollectionViewDemo */,
			);
		};
/* End PBXProject section */

/* Begin PBXResourcesBuildPhase section */
		2EA06DC21D17490600483639 /* Resources */ = {
			isa = PBXResourcesBuildPhase;
			buildActionMask = 2147483647;
			files = (
				2EA06DDC1D174A6200483639 /* images in Resources */,
				2EA06DD21D17490600483639 /* LaunchScreen.storyboard in Resources */,
				2EA06DCF1D17490600483639 /* Assets.xcassets in Resources */,
				2EA06DCD1D17490600483639 /* Main.storyboard in Resources */,
			);
			runOnlyForDeploymentPostprocessing = 0;
		};
/* End PBXResourcesBuildPhase section */

/* Begin PBXSourcesBuildPhase section */
		2EA06DC01D17490600483639 /* Sources */ = {
			isa = PBXSourcesBuildPhase;
			buildActionMask = 2147483647;
			files = (
				2EA06DDA1D174A1900483639 /* CollectionViewController.swift in Sources */,
				2EA06DDE1D174A9C00483639 /* DataItem.swift in Sources */,
				2EA06DE01D174C8700483639 /* DataItemCell.swift in Sources */,
				2EA06DC81D17490600483639 /* AppDelegate.swift in Sources */,
				2EA06DE21D17514300483639 /* DataItemHeader.swift in Sources */,
			);
			runOnlyForDeploymentPostprocessing = 0;
		};
/* End PBXSourcesBuildPhase section */

/* Begin PBXVariantGroup section */
		2EA06DCB1D17490600483639 /* Main.storyboard */ = {
			isa = PBXVariantGroup;
			children = (
				2EA06DCC1D17490600483639 /* Base */,
			);
			name = Main.storyboard;
			sourceTree = "<group>";
		};
		2EA06DD01D17490600483639 /* LaunchScreen.storyboard */ = {
			isa = PBXVariantGroup;
			children = (
				2EA06DD11D17490600483639 /* Base */,
			);
			name = LaunchScreen.storyboard;
			sourceTree = "<group>";
		};
/* End PBXVariantGroup section */

/* Begin XCBuildConfiguration section */
		2EA06DD41D17490600483639 /* Debug */ = {
			isa = XCBuildConfiguration;
			buildSettings = {
				ALWAYS_SEARCH_USER_PATHS = NO;
				CLANG_ANALYZER_NONNULL = YES;
				CLANG_CXX_LANGUAGE_STANDARD = "gnu++0x";
				CLANG_CXX_LIBRARY = "libc++";
				CLANG_ENABLE_MODULES = YES;
				CLANG_ENABLE_OBJC_ARC = YES;
				CLANG_WARN_BOOL_CONVERSION = YES;
				CLANG_WARN_CONSTANT_CONVERSION = YES;
				CLANG_WARN_DIRECT_OBJC_ISA_USAGE = YES_ERROR;
				CLANG_WARN_EMPTY_BODY = YES;
				CLANG_WARN_ENUM_CONVERSION = YES;
				CLANG_WARN_INT_CONVERSION = YES;
				CLANG_WARN_OBJC_ROOT_CLASS = YES_ERROR;
				CLANG_WARN_UNREACHABLE_CODE = YES;
				CLANG_WARN__DUPLICATE_METHOD_MATCH = YES;
				"CODE_SIGN_IDENTITY[sdk=iphoneos*]" = "iPhone Developer";
				COPY_PHASE_STRIP = NO;
				DEBUG_INFORMATION_FORMAT = dwarf;
				ENABLE_STRICT_OBJC_MSGSEND = YES;
				ENABLE_TESTABILITY = YES;
				GCC_C_LANGUAGE_STANDARD = gnu99;
				GCC_DYNAMIC_NO_PIC = NO;
				GCC_NO_COMMON_BLOCKS = YES;
				GCC_OPTIMIZATION_LEVEL = 0;
				GCC_PREPROCESSOR_DEFINITIONS = (
					"DEBUG=1",
					"$(inherited)",
				);
				GCC_WARN_64_TO_32_BIT_CONVERSION = YES;
				GCC_WARN_ABOUT_RETURN_TYPE = YES_ERROR;
				GCC_WARN_UNDECLARED_SELECTOR = YES;
				GCC_WARN_UNINITIALIZED_AUTOS = YES_AGGRESSIVE;
				GCC_WARN_UNUSED_FUNCTION = YES;
				GCC_WARN_UNUSED_VARIABLE = YES;
				IPHONEOS_DEPLOYMENT_TARGET = 9.3;
				MTL_ENABLE_DEBUG_INFO = YES;
				ONLY_ACTIVE_ARCH = YES;
				SDKROOT = iphoneos;
				SWIFT_OPTIMIZATION_LEVEL = "-Onone";
				TARGETED_DEVICE_FAMILY = "1,2";
			};
			name = Debug;
		};
		2EA06DD51D17490600483639 /* Release */ = {
			isa = XCBuildConfiguration;
			buildSettings = {
				ALWAYS_SEARCH_USER_PATHS = NO;
				CLANG_ANALYZER_NONNULL = YES;
				CLANG_CXX_LANGUAGE_STANDARD = "gnu++0x";
				CLANG_CXX_LIBRARY = "libc++";
				CLANG_ENABLE_MODULES = YES;
				CLANG_ENABLE_OBJC_ARC = YES;
				CLANG_WARN_BOOL_CONVERSION = YES;
				CLANG_WARN_CONSTANT_CONVERSION = YES;
				CLANG_WARN_DIRECT_OBJC_ISA_USAGE = YES_ERROR;
				CLANG_WARN_EMPTY_BODY = YES;
				CLANG_WARN_ENUM_CONVERSION = YES;
				CLANG_WARN_INT_CONVERSION = YES;
				CLANG_WARN_OBJC_ROOT_CLASS = YES_ERROR;
				CLANG_WARN_UNREACHABLE_CODE = YES;
				CLANG_WARN__DUPLICATE_METHOD_MATCH = YES;
				"CODE_SIGN_IDENTITY[sdk=iphoneos*]" = "iPhone Developer";
				COPY_PHASE_STRIP = NO;
				DEBUG_INFORMATION_FORMAT = "dwarf-with-dsym";
				ENABLE_NS_ASSERTIONS = NO;
				ENABLE_STRICT_OBJC_MSGSEND = YES;
				GCC_C_LANGUAGE_STANDARD = gnu99;
				GCC_NO_COMMON_BLOCKS = YES;
				GCC_WARN_64_TO_32_BIT_CONVERSION = YES;
				GCC_WARN_ABOUT_RETURN_TYPE = YES_ERROR;
				GCC_WARN_UNDECLARED_SELECTOR = YES;
				GCC_WARN_UNINITIALIZED_AUTOS = YES_AGGRESSIVE;
				GCC_WARN_UNUSED_FUNCTION = YES;
				GCC_WARN_UNUSED_VARIABLE = YES;
				IPHONEOS_DEPLOYMENT_TARGET = 9.3;
				MTL_ENABLE_DEBUG_INFO = NO;
				SDKROOT = iphoneos;
				TARGETED_DEVICE_FAMILY = "1,2";
				VALIDATE_PRODUCT = YES;
			};
			name = Release;
		};
		2EA06DD71D17490600483639 /* Debug */ = {
			isa = XCBuildConfiguration;
			buildSettings = {
				ASSETCATALOG_COMPILER_APPICON_NAME = AppIcon;
				INFOPLIST_FILE = CollectionViewDemo/Info.plist;
				LD_RUNPATH_SEARCH_PATHS = "$(inherited) @executable_path/Frameworks";
				PRODUCT_BUNDLE_IDENTIFIER = com.joannebasa.CollectionViewDemo;
				PRODUCT_NAME = "$(TARGET_NAME)";
			};
			name = Debug;
		};
		2EA06DD81D17490600483639 /* Release */ = {
			isa = XCBuildConfiguration;
			buildSettings = {
				ASSETCATALOG_COMPILER_APPICON_NAME = AppIcon;
				INFOPLIST_FILE = CollectionViewDemo/Info.plist;
				LD_RUNPATH_SEARCH_PATHS = "$(inherited) @executable_path/Frameworks";
				PRODUCT_BUNDLE_IDENTIFIER = com.joannebasa.CollectionViewDemo;
				PRODUCT_NAME = "$(TARGET_NAME)";
			};
			name = Release;
		};
/* End XCBuildConfiguration section */

/* Begin XCConfigurationList section */
		2EA06DBF1D17490600483639 /* Build configuration list for PBXProject "CollectionViewDemo" */ = {
			isa = XCConfigurationList;
			buildConfigurations = (
				2EA06DD41D17490600483639 /* Debug */,
				2EA06DD51D17490600483639 /* Release */,
			);
			defaultConfigurationIsVisible = 0;
			defaultConfigurationName = Release;
		};
		2EA06DD61D17490600483639 /* Build configuration list for PBXNativeTarget "CollectionViewDemo" */ = {
			isa = XCConfigurationList;
			buildConfigurations = (
				2EA06DD71D17490600483639 /* Debug */,
				2EA06DD81D17490600483639 /* Release */,
			);
			defaultConfigurationIsVisible = 0;
		};
/* End XCConfigurationList section */
	};
	rootObject = 2EA06DBC1D17490600483639 /* Project object */;
}
